{
  "nodes": {
    "mkdocs-catppuccin": {
      "flake": false,
      "locked": {
        "lastModified": 1767028711,
        "narHash": "sha256-YVIZAtQT2B4Xs2sBaszvyyukm+1klCJdRpsc/BYV1gw=",
        "owner": "ruslanlap",
        "repo": "mkdocs-catppuccin",
        "rev": "fd8ac6106b5b6d32922cd80cbc3d221622a17408",
        "type": "github"
      },
      "original": {
        "owner": "ruslanlap",
        "repo": "mkdocs-catppuccin",
        "type": "github"
      }
    },
    "nix-flatpak": {
      "locked": {
        "lastModified": 1767983141,
        "narHash": "sha256-7ZCulYUD9RmJIDULTRkGLSW1faMpDlPKcbWJLYHoXcs=",
        "owner": "gmodena",
        "repo": "nix-flatpak",
        "rev": "440818969ac2cbd77bfe025e884d0aa528991374",
        "type": "github"
      },
      "original": {
        "owner": "gmodena",
        "ref": "latest",
        "repo": "nix-flatpak",
        "type": "github"
      }
    },
    "nix-index-database": {
      "inputs": {
        "nixpkgs": [
          "nixpkgs"
        ]
      },
      "locked": {
        "lastModified": 1787457452,
        "narHash": "sha256-FJh4esFS3zqNNuKwvN3t6wrJGewqp1AUF9DAEvoKPD8=",
        "owner": "nix-community",
        "repo": "nix-index-database",
        "rev": "c51d5c2ba69c907a34e90c9b6b80cd2b93811745",
        "type": "github"
      },
      "original": {
        "owner": "nix-community",
        "repo": "nix-index-database",
        "type": "github"
      }
    },
    "nixflix": {
      "inputs": {
        "mkdocs-catppuccin": "mkdocs-catppuccin",
        "nixpkgs": [
          "nixpkgs"
        ],
        "treefmt-nix": "treefmt-nix",
        "vpn-confinement": "vpn-confinement"
      },
      "locked": {
        "lastModified": 1787541569,
        "narHash": "sha256-TxbwmS+ogZJDSeg5aC0aEMBx/3s1MYoBSIrvJnuQjS8=",
        "owner": "kiriwalawren",
        "repo": "nixflix",
        "rev": "5dc78a10d0afcf870cd59ee7820891fc66e97b03",
        "type": "github"
      },
      "original": {
        "owner": "kiriwalawren",
        "repo": "nixflix",
        "type": "github"
      }
    },
    "nixpkgs": {
      "locked": {
        "lastModified": 1787498568,
        "narHash": "sha256-9i/VTdusq/+NM/tz+J1Re+ojkMB8MBf0QshnYfzHz30=",
        "owner": "nixos",
        "repo": "nixpkgs",
        "rev": "56c02bc00adcf003215cc4bd996d6efaf4cff188",
        "type": "github"
      },
      "original": {
        "owner": "nixos",
        "ref": "nixos-unstable",
        "repo": "nixpkgs",
        "type": "github"
      }
    },
    "nixpkgs_2": {
      "locked": {
        "lastModified": 1786106723,
        "narHash": "sha256-zDSUbpoeo/9ZmD2+wXnzxoo1+uhL8vxc0b8yuYMKYq0=",
        "owner": "nixos",
        "repo": "nixpkgs",
        "rev": "f13ff45afd1bb73e640eaa08a7066dbed07e3238",
        "type": "github"
      },
      "original": {
        "owner": "nixos",
        "ref": "nixos-unstable",
        "repo": "nixpkgs",
        "type": "github"
      }
    },
    "reel": {
      "inputs": {
        "nixpkgs": "nixpkgs_2"
      },
      "locked": {
        "lastModified": 1787160711,
        "narHash": "sha256-Sis8I10qui/6Cok4O1ZX2xcCXGvxcRSy+mhDgDdcWco=",
        "path": "/home/emz/code/projects/reel",
        "type": "path"
      },
      "original": {
        "path": "/home/emz/code/projects/reel",
        "type": "path"
      }
    },
    "root": {
      "inputs": {
        "nix-flatpak": "nix-flatpak",
        "nix-index-database": "nix-index-database",
        "nixflix": "nixflix",
        "nixpkgs": "nixpkgs",
        "reel": "reel",
        "sops-nix": "sops-nix",
        "spicetify-nix": "spicetify-nix",
        "umbriel": "umbriel",
        "xdg-desktop-portal-umbriel": "xdg-desktop-portal-umbriel"
      }
    },
    "sops-nix": {
      "inputs": {
        "nixpkgs": [
          "nixpkgs"
        ]
      },
      "locked": {
        "lastModified": 1786629091,
        "narHash": "sha256-gkig4nPi1CWc4Z50GBsjE4ygSE7hMpl/TwID2an2Cck=",
        "owner": "Mic92",
        "repo": "sops-nix",
        "rev": "a8627b21b9107c5711c96b84f32a9a4b3d45295f",
        "type": "github"
      },
      "original": {
        "owner": "Mic92",
        "repo": "sops-nix",
        "type": "github"
      }
    },
    "spicetify-nix": {
      "inputs": {
        "nixpkgs": [
          "nixpkgs"
        ],
        "systems": "systems"
      },
      "locked": {
        "lastModified": 1787460061,
        "narHash": "sha256-r2FJY01jRVhrZIKPdhQ3QFYsAz3wjilWTMSSH7VMOeo=",
        "owner": "Gerg-L",
        "repo": "spicetify-nix",
        "rev": "a8adfd6f9f341dd586d5c06dda3bbfa21c6014e7",
        "type": "github"
      },
      "original": {
        "owner": "Gerg-L",
        "repo": "spicetify-nix",
        "type": "github"
      }
    },
    "systems": {
      "locked": {
        "lastModified": 1681028828,
        "narHash": "sha256-Vy1rq5AaRuLzOxct8nz4T6wlgyUR7zLU309k9mBC768=",
        "owner": "nix-systems",
        "repo": "default",
        "rev": "da67096a3b9bf56a91d16901293e51ba5b49a27e",
        "type": "github"
      },
      "original": {
        "owner": "nix-systems",
        "repo": "default",
        "type": "github"
      }
    },
    "treefmt-nix": {
      "inputs": {
        "nixpkgs": [
          "nixflix",
          "nixpkgs"
        ]
      },
      "locked": {
        "lastModified": 1785945821,
        "narHash": "sha256-NLSyTCW4K4ofhNBllt3omPasm6QpralXH1DBZOc91Dw=",
        "owner": "numtide",
        "repo": "treefmt-nix",
        "rev": "ae7910970dddc408fe6ab1c8e4b277bb21d72dc0",
        "type": "github"
      },
      "original": {
        "owner": "numtide",
        "repo": "treefmt-nix",
        "type": "github"
      }
    },
    "umbriel": {
      "inputs": {
        "nixpkgs": [
          "nixpkgs"
        ]
      },
      "locked": {
        "lastModified": 1787750803,
        "narHash": "sha256-SihBDyh27mCTB2ZwQvFntPZgGVXtSFB4amqCE2lGuKM=",
        "ref": "refs/heads/main",
        "rev": "d2a954b74bc60186fa4b95897e6047aad6f20ef7",
        "revCount": 568,
        "submodules": true,
        "type": "git",
        "url": "https://github.com/noctalia-dev/umbriel"
      },
      "original": {
        "type": "git",
        "url": "https://github.com/noctalia-dev/umbriel"
      }
    },
    "vpn-confinement": {
      "locked": {
        "lastModified": 1785142579,
        "narHash": "sha256-WEPxDMiKt3uGVVu/aorHnIgYYW62mEq2Q+rlN3qH6bg=",
        "owner": "Maroka-chan",
        "repo": "VPN-Confinement",
        "rev": "b3aa71a7edfe6af748c23729d1bdec3b499741ff",
        "type": "github"
      },
      "original": {
        "owner": "Maroka-chan",
        "repo": "VPN-Confinement",
        "type": "github"
      }
    },
    "xdg-desktop-portal-umbriel": {
      "inputs": {
        "nixpkgs": [
          "nixpkgs"
        ]
      },
      "locked": {
        "lastModified": 1787580138,
        "narHash": "sha256-fqU58lZeFchlY5aqyQgIfrN5ec/jqbhXNwNxyL2lp/g=",
        "owner": "noctalia-dev",
        "repo": "xdg-desktop-portal-umbriel",
        "rev": "515c9f70f13ba4b4b9e19930b3e899c4ac8a50a4",
        "type": "github"
      },
      "original": {
        "owner": "noctalia-dev",
        "repo": "xdg-desktop-portal-umbriel",
        "type": "github"
      }
    }
  },
  "root": "root",
  "version": 7
}
